
Microsoft Visual Studio Solution File, Format Version 12.00
# Visual Studio Version 17
VisualStudioVersion = 17.13.35806.99
MinimumVisualStudioVersion = 10.0.40219.1
Project("{8BC9CEB8-8B4A-11D0-8D11-00A0C91BC942}") = "Program", "Program.vcxproj", "{93358822-8684-4518-B3A5-B64E0DFBA9C9}"
EndProject
Project("{8BC9CEB8-8B4A-11D0-8D11-00A0C91BC942}") = "Class 1th (Time Comlexity & Space Complexity)", "..\Class 1th (Time Comlexity & Space Complexity)\Class 1th (Time Comlexity & Space Complexity).vcxproj", "{BE44A76B-F68A-4FDD-A527-780A9A9E75F6}"
EndProject
Project("{8BC9CEB8-8B4A-11D0-8D11-00A0C91BC942}") = "Class2th (Brute Force)", "..\Class2th (Brute Force)\Class2th (Brute Force).vcxproj", "{98A09534-7BE8-450D-A012-0A3BB84BB621}"
EndProject
Project("{8BC9CEB8-8B4A-11D0-8D11-00A0C91BC942}") = "Class3th (Bubble Sort)", "..\Class3th (Bubble Sort)\Class3th (Bubble Sort).vcxproj", "{80176E2A-635A-42FF-AE6F-A2280B1607B3}"
EndProject
Project("{8BC9CEB8-8B4A-11D0-8D11-00A0C91BC942}") = "Class4th (Select Sort)", "..\Class4th (Select Sort)\Class4th (Select Sort).vcxproj", "{591B581E-9A8B-45E0-8E2D-2D369CE935C2}"
EndProject
Project("{8BC9CEB8-8B4A-11D0-8D11-00A0C91BC942}") = "Class5th (insert Sort)", "..\Class5th (insert Sort)\Class5th (insert Sort).vcxproj", "{27A7B6E1-3B92-4DB6-A07D-B5C451E86258}"
EndProject
Project("{8BC9CEB8-8B4A-11D0-8D11-00A0C91BC942}") = "Class6th(Euclid)", "..\Class6th(Euclid)\Class6th(Euclid).vcxproj", "{925AE2D8-CD14-4A5E-959A-A958DD2F906C}"
EndProject
Project("{8BC9CEB8-8B4A-11D0-8D11-00A0C91BC942}") = "Class7th (Sieve of Eratostheres)", "..\Class7th (Sieve of Eratostheres)\Class7th (Sieve of Eratostheres).vcxproj", "{E03F006F-1CA0-40A3-8573-900C6ECF6AB5}"
EndProject
Project("{8BC9CEB8-8B4A-11D0-8D11-00A0C91BC942}") = "Class8th (Count Sort)", "..\Class8th (Count Sort)\Class8th (Count Sort).vcxproj", "{438A8E6D-638D-4F7E-89DB-BF954E6D2B92}"
EndProject
Project("{8BC9CEB8-8B4A-11D0-8D11-00A0C91BC942}") = "Class9th (Divide and Conquer)", "..\Class9th (Divide and Conquer)\Class9th (Divide and Conquer).vcxproj", "{B246C07B-906F-43B1-90B5-3B81EE7C45F1}"
EndProject
Project("{8BC9CEB8-8B4A-11D0-8D11-00A0C91BC942}") = "Class10th (Binary Search)", "..\Class10th (Binary Search)\Class10th (Binary Search).vcxproj", "{21698431-7BD2-4CF9-8D06-1DC69AF4AEFD}"
EndProject
Project("{8BC9CEB8-8B4A-11D0-8D11-00A0C91BC942}") = "Class11th (Quick Sort)", "..\Class11th (Quick Sort)\Class11th (Quick Sort).vcxproj", "{F36F10FA-3C55-432E-AEA9-779A5AC11270}"
EndProject
Project("{8BC9CEB8-8B4A-11D0-8D11-00A0C91BC942}") = "Class12th (Marge Sort)", "..\Class12th (Marge Sort)\Class12th (Marge Sort).vcxproj", "{B0FB8D2C-5E77-415B-9ADD-65FC0BE3C6E3}"
EndProject
Project("{8BC9CEB8-8B4A-11D0-8D11-00A0C91BC942}") = "Class13th (Dynamic Programing)", "..\Class13th (Dynamic Programing)\Class13th (Dynamic Programing).vcxproj", "{999F84B7-DBDA-4099-A9E7-6ED355B0C121}"
EndProject
Project("{8BC9CEB8-8B4A-11D0-8D11-00A0C91BC942}") = "Class14th", "..\Class14th\Class14th.vcxproj", "{7091BC06-F318-400D-A2DA-49B83D37C34F}"
EndProject
Project("{8BC9CEB8-8B4A-11D0-8D11-00A0C91BC942}") = "Class15th (D)", "..\Class15th (D)\Class15th (D).vcxproj", "{473CE076-B89B-49E6-B4E1-609C3C039363}"
EndProject
Global
	GlobalSection(SolutionConfigurationPlatforms) = preSolution
		Debug|x64 = Debug|x64
		Debug|x86 = Debug|x86
		Release|x64 = Release|x64
		Release|x86 = Release|x86
	EndGlobalSection
	GlobalSection(ProjectConfigurationPlatforms) = postSolution
		{93358822-8684-4518-B3A5-B64E0DFBA9C9}.Debug|x64.ActiveCfg = Debug|x64
		{93358822-8684-4518-B3A5-B64E0DFBA9C9}.Debug|x64.Build.0 = Debug|x64
		{93358822-8684-4518-B3A5-B64E0DFBA9C9}.Debug|x86.ActiveCfg = Debug|Win32
		{93358822-8684-4518-B3A5-B64E0DFBA9C9}.Debug|x86.Build.0 = Debug|Win32
		{93358822-8684-4518-B3A5-B64E0DFBA9C9}.Release|x64.ActiveCfg = Release|x64
		{93358822-8684-4518-B3A5-B64E0DFBA9C9}.Release|x64.Build.0 = Release|x64
		{93358822-8684-4518-B3A5-B64E0DFBA9C9}.Release|x86.ActiveCfg = Release|Win32
		{93358822-8684-4518-B3A5-B64E0DFBA9C9}.Release|x86.Build.0 = Release|Win32
		{BE44A76B-F68A-4FDD-A527-780A9A9E75F6}.Debug|x64.ActiveCfg = Debug|x64
		{BE44A76B-F68A-4FDD-A527-780A9A9E75F6}.Debug|x64.Build.0 = Debug|x64
		{BE44A76B-F68A-4FDD-A527-780A9A9E75F6}.Debug|x86.ActiveCfg = Debug|Win32
		{BE44A76B-F68A-4FDD-A527-780A9A9E75F6}.Debug|x86.Build.0 = Debug|Win32
		{BE44A76B-F68A-4FDD-A527-780A9A9E75F6}.Release|x64.ActiveCfg = Release|x64
		{BE44A76B-F68A-4FDD-A527-780A9A9E75F6}.Release|x64.Build.0 = Release|x64
		{BE44A76B-F68A-4FDD-A527-780A9A9E75F6}.Release|x86.ActiveCfg = Release|Win32
		{BE44A76B-F68A-4FDD-A527-780A9A9E75F6}.Release|x86.Build.0 = Release|Win32
		{98A09534-7BE8-450D-A012-0A3BB84BB621}.Debug|x64.ActiveCfg = Debug|x64
		{98A09534-7BE8-450D-A012-0A3BB84BB621}.Debug|x64.Build.0 = Debug|x64
		{98A09534-7BE8-450D-A012-0A3BB84BB621}.Debug|x86.ActiveCfg = Debug|Win32
		{98A09534-7BE8-450D-A012-0A3BB84BB621}.Debug|x86.Build.0 = Debug|Win32
		{98A09534-7BE8-450D-A012-0A3BB84BB621}.Release|x64.ActiveCfg = Release|x64
		{98A09534-7BE8-450D-A012-0A3BB84BB621}.Release|x64.Build.0 = Release|x64
		{98A09534-7BE8-450D-A012-0A3BB84BB621}.Release|x86.ActiveCfg = Release|Win32
		{98A09534-7BE8-450D-A012-0A3BB84BB621}.Release|x86.Build.0 = Release|Win32
		{80176E2A-635A-42FF-AE6F-A2280B1607B3}.Debug|x64.ActiveCfg = Debug|x64
		{80176E2A-635A-42FF-AE6F-A2280B1607B3}.Debug|x64.Build.0 = Debug|x64
		{80176E2A-635A-42FF-AE6F-A2280B1607B3}.Debug|x86.ActiveCfg = Debug|Win32
		{80176E2A-635A-42FF-AE6F-A2280B1607B3}.Debug|x86.Build.0 = Debug|Win32
		{80176E2A-635A-42FF-AE6F-A2280B1607B3}.Release|x64.ActiveCfg = Release|x64
		{80176E2A-635A-42FF-AE6F-A2280B1607B3}.Release|x64.Build.0 = Release|x64
		{80176E2A-635A-42FF-AE6F-A2280B1607B3}.Release|x86.ActiveCfg = Release|Win32
		{80176E2A-635A-42FF-AE6F-A2280B1607B3}.Release|x86.Build.0 = Release|Win32
		{591B581E-9A8B-45E0-8E2D-2D369CE935C2}.Debug|x64.ActiveCfg = Debug|x64
		{591B581E-9A8B-45E0-8E2D-2D369CE935C2}.Debug|x64.Build.0 = Debug|x64
		{591B581E-9A8B-45E0-8E2D-2D369CE935C2}.Debug|x86.ActiveCfg = Debug|Win32
		{591B581E-9A8B-45E0-8E2D-2D369CE935C2}.Debug|x86.Build.0 = Debug|Win32
		{591B581E-9A8B-45E0-8E2D-2D369CE935C2}.Release|x64.ActiveCfg = Release|x64
		{591B581E-9A8B-45E0-8E2D-2D369CE935C2}.Release|x64.Build.0 = Release|x64
		{591B581E-9A8B-45E0-8E2D-2D369CE935C2}.Release|x86.ActiveCfg = Release|Win32
		{591B581E-9A8B-45E0-8E2D-2D369CE935C2}.Release|x86.Build.0 = Release|Win32
		{27A7B6E1-3B92-4DB6-A07D-B5C451E86258}.Debug|x64.ActiveCfg = Debug|x64
		{27A7B6E1-3B92-4DB6-A07D-B5C451E86258}.Debug|x64.Build.0 = Debug|x64
		{27A7B6E1-3B92-4DB6-A07D-B5C451E86258}.Debug|x86.ActiveCfg = Debug|Win32
		{27A7B6E1-3B92-4DB6-A07D-B5C451E86258}.Debug|x86.Build.0 = Debug|Win32
		{27A7B6E1-3B92-4DB6-A07D-B5C451E86258}.Release|x64.ActiveCfg = Release|x64
		{27A7B6E1-3B92-4DB6-A07D-B5C451E86258}.Release|x64.Build.0 = Release|x64
		{27A7B6E1-3B92-4DB6-A07D-B5C451E86258}.Release|x86.ActiveCfg = Release|Win32
		{27A7B6E1-3B92-4DB6-A07D-B5C451E86258}.Release|x86.Build.0 = Release|Win32
		{925AE2D8-CD14-4A5E-959A-A958DD2F906C}.Debug|x64.ActiveCfg = Debug|x64
		{925AE2D8-CD14-4A5E-959A-A958DD2F906C}.Debug|x64.Build.0 = Debug|x64
		{925AE2D8-CD14-4A5E-959A-A958DD2F906C}.Debug|x86.ActiveCfg = Debug|Win32
		{925AE2D8-CD14-4A5E-959A-A958DD2F906C}.Debug|x86.Build.0 = Debug|Win32
		{925AE2D8-CD14-4A5E-959A-A958DD2F906C}.Release|x64.ActiveCfg = Release|x64
		{925AE2D8-CD14-4A5E-959A-A958DD2F906C}.Release|x64.Build.0 = Release|x64
		{925AE2D8-CD14-4A5E-959A-A958DD2F906C}.Release|x86.ActiveCfg = Release|Win32
		{925AE2D8-CD14-4A5E-959A-A958DD2F906C}.Release|x86.Build.0 = Release|Win32
		{E03F006F-1CA0-40A3-8573-900C6ECF6AB5}.Debug|x64.ActiveCfg = Debug|x64
		{E03F006F-1CA0-40A3-8573-900C6ECF6AB5}.Debug|x64.Build.0 = Debug|x64
		{E03F006F-1CA0-40A3-8573-900C6ECF6AB5}.Debug|x86.ActiveCfg = Debug|Win32
		{E03F006F-1CA0-40A3-8573-900C6ECF6AB5}.Debug|x86.Build.0 = Debug|Win32
		{E03F006F-1CA0-40A3-8573-900C6ECF6AB5}.Release|x64.ActiveCfg = Release|x64
		{E03F006F-1CA0-40A3-8573-900C6ECF6AB5}.Release|x64.Build.0 = Release|x64
		{E03F006F-1CA0-40A3-8573-900C6ECF6AB5}.Release|x86.ActiveCfg = Release|Win32
		{E03F006F-1CA0-40A3-8573-900C6ECF6AB5}.Release|x86.Build.0 = Release|Win32
		{438A8E6D-638D-4F7E-89DB-BF954E6D2B92}.Debug|x64.ActiveCfg = Debug|x64
		{438A8E6D-638D-4F7E-89DB-BF954E6D2B92}.Debug|x64.Build.0 = Debug|x64
		{438A8E6D-638D-4F7E-89DB-BF954E6D2B92}.Debug|x86.ActiveCfg = Debug|Win32
		{438A8E6D-638D-4F7E-89DB-BF954E6D2B92}.Debug|x86.Build.0 = Debug|Win32
		{438A8E6D-638D-4F7E-89DB-BF954E6D2B92}.Release|x64.ActiveCfg = Release|x64
		{438A8E6D-638D-4F7E-89DB-BF954E6D2B92}.Release|x64.Build.0 = Release|x64
		{438A8E6D-638D-4F7E-89DB-BF954E6D2B92}.Release|x86.ActiveCfg = Release|Win32
		{438A8E6D-638D-4F7E-89DB-BF954E6D2B92}.Release|x86.Build.0 = Release|Win32
		{B246C07B-906F-43B1-90B5-3B81EE7C45F1}.Debug|x64.ActiveCfg = Debug|x64
		{B246C07B-906F-43B1-90B5-3B81EE7C45F1}.Debug|x64.Build.0 = Debug|x64
		{B246C07B-906F-43B1-90B5-3B81EE7C45F1}.Debug|x86.ActiveCfg = Debug|Win32
		{B246C07B-906F-43B1-90B5-3B81EE7C45F1}.Debug|x86.Build.0 = Debug|Win32
		{B246C07B-906F-43B1-90B5-3B81EE7C45F1}.Release|x64.ActiveCfg = Release|x64
		{B246C07B-906F-43B1-90B5-3B81EE7C45F1}.Release|x64.Build.0 = Release|x64
		{B246C07B-906F-43B1-90B5-3B81EE7C45F1}.Release|x86.ActiveCfg = Release|Win32
		{B246C07B-906F-43B1-90B5-3B81EE7C45F1}.Release|x86.Build.0 = Release|Win32
		{21698431-7BD2-4CF9-8D06-1DC69AF4AEFD}.Debug|x64.ActiveCfg = Debug|x64
		{21698431-7BD2-4CF9-8D06-1DC69AF4AEFD}.Debug|x64.Build.0 = Debug|x64
		{21698431-7BD2-4CF9-8D06-1DC69AF4AEFD}.Debug|x86.ActiveCfg = Debug|Win32
		{21698431-7BD2-4CF9-8D06-1DC69AF4AEFD}.Debug|x86.Build.0 = Debug|Win32
		{21698431-7BD2-4CF9-8D06-1DC69AF4AEFD}.Release|x64.ActiveCfg = Release|x64
		{21698431-7BD2-4CF9-8D06-1DC69AF4AEFD}.Release|x64.Build.0 = Release|x64
		{21698431-7BD2-4CF9-8D06-1DC69AF4AEFD}.Release|x86.ActiveCfg = Release|Win32
		{21698431-7BD2-4CF9-8D06-1DC69AF4AEFD}.Release|x86.Build.0 = Release|Win32
		{F36F10FA-3C55-432E-AEA9-779A5AC11270}.Debug|x64.ActiveCfg = Debug|x64
		{F36F10FA-3C55-432E-AEA9-779A5AC11270}.Debug|x64.Build.0 = Debug|x64
		{F36F10FA-3C55-432E-AEA9-779A5AC11270}.Debug|x86.ActiveCfg = Debug|Win32
		{F36F10FA-3C55-432E-AEA9-779A5AC11270}.Debug|x86.Build.0 = Debug|Win32
		{F36F10FA-3C55-432E-AEA9-779A5AC11270}.Release|x64.ActiveCfg = Release|x64
		{F36F10FA-3C55-432E-AEA9-779A5AC11270}.Release|x64.Build.0 = Release|x64
		{F36F10FA-3C55-432E-AEA9-779A5AC11270}.Release|x86.ActiveCfg = Release|Win32
		{F36F10FA-3C55-432E-AEA9-779A5AC11270}.Release|x86.Build.0 = Release|Win32
		{B0FB8D2C-5E77-415B-9ADD-65FC0BE3C6E3}.Debug|x64.ActiveCfg = Debug|x64
		{B0FB8D2C-5E77-415B-9ADD-65FC0BE3C6E3}.Debug|x64.Build.0 = Debug|x64
		{B0FB8D2C-5E77-415B-9ADD-65FC0BE3C6E3}.Debug|x86.ActiveCfg = Debug|Win32
		{B0FB8D2C-5E77-415B-9ADD-65FC0BE3C6E3}.Debug|x86.Build.0 = Debug|Win32
		{B0FB8D2C-5E77-415B-9ADD-65FC0BE3C6E3}.Release|x64.ActiveCfg = Release|x64
		{B0FB8D2C-5E77-415B-9ADD-65FC0BE3C6E3}.Release|x64.Build.0 = Release|x64
		{B0FB8D2C-5E77-415B-9ADD-65FC0BE3C6E3}.Release|x86.ActiveCfg = Release|Win32
		{B0FB8D2C-5E77-415B-9ADD-65FC0BE3C6E3}.Release|x86.Build.0 = Release|Win32
		{999F84B7-DBDA-4099-A9E7-6ED355B0C121}.Debug|x64.ActiveCfg = Debug|x64
		{999F84B7-DBDA-4099-A9E7-6ED355B0C121}.Debug|x64.Build.0 = Debug|x64
		{999F84B7-DBDA-4099-A9E7-6ED355B0C121}.Debug|x86.ActiveCfg = Debug|Win32
		{999F84B7-DBDA-4099-A9E7-6ED355B0C121}.Debug|x86.Build.0 = Debug|Win32
		{999F84B7-DBDA-4099-A9E7-6ED355B0C121}.Release|x64.ActiveCfg = Release|x64
		{999F84B7-DBDA-4099-A9E7-6ED355B0C121}.Release|x64.Build.0 = Release|x64
		{999F84B7-DBDA-4099-A9E7-6ED355B0C121}.Release|x86.ActiveCfg = Release|Win32
		{999F84B7-DBDA-4099-A9E7-6ED355B0C121}.Release|x86.Build.0 = Release|Win32
		{7091BC06-F318-400D-A2DA-49B83D37C34F}.Debug|x64.ActiveCfg = Debug|x64
		{7091BC06-F318-400D-A2DA-49B83D37C34F}.Debug|x64.Build.0 = Debug|x64
		{7091BC06-F318-400D-A2DA-49B83D37C34F}.Debug|x86.ActiveCfg = Debug|Win32
		{7091BC06-F318-400D-A2DA-49B83D37C34F}.Debug|x86.Build.0 = Debug|Win32
		{7091BC06-F318-400D-A2DA-49B83D37C34F}.Release|x64.ActiveCfg = Release|x64
		{7091BC06-F318-400D-A2DA-49B83D37C34F}.Release|x64.Build.0 = Release|x64
		{7091BC06-F318-400D-A2DA-49B83D37C34F}.Release|x86.ActiveCfg = Release|Win32
		{7091BC06-F318-400D-A2DA-49B83D37C34F}.Release|x86.Build.0 = Release|Win32
		{473CE076-B89B-49E6-B4E1-609C3C039363}.Debug|x64.ActiveCfg = Debug|x64
		{473CE076-B89B-49E6-B4E1-609C3C039363}.Debug|x64.Build.0 = Debug|x64
		{473CE076-B89B-49E6-B4E1-609C3C039363}.Debug|x86.ActiveCfg = Debug|Win32
		{473CE076-B89B-49E6-B4E1-609C3C039363}.Debug|x86.Build.0 = Debug|Win32
		{473CE076-B89B-49E6-B4E1-609C3C039363}.Release|x64.ActiveCfg = Release|x64
		{473CE076-B89B-49E6-B4E1-609C3C039363}.Release|x64.Build.0 = Release|x64
		{473CE076-B89B-49E6-B4E1-609C3C039363}.Release|x86.ActiveCfg = Release|Win32
		{473CE076-B89B-49E6-B4E1-609C3C039363}.Release|x86.Build.0 = Release|Win32
	EndGlobalSection
	GlobalSection(SolutionProperties) = preSolution
		HideSolutionNode = FALSE
	EndGlobalSection
	GlobalSection(ExtensibilityGlobals) = postSolution
		SolutionGuid = {E6870FA0-B7A7-4FD1-A262-5456DDF4572E}
	EndGlobalSection
EndGlobal
